
Microsoft Visual Studio Solution File, Format Version 12.00
# Visual Studio Version 17
VisualStudioVersion = 17.5.33516.290
MinimumVisualStudioVersion = 10.0.40219.1
Project("{2150E333-8FDC-42A3-9474-1A3956D46DE8}") = "Testing", "Testing", "{18424B6A-CB8A-4CE1-935C-72459F31521B}"
EndProject
Project("{9A19103F-16F7-4668-BE54-9A1E7A4F7556}") = "AssetEditor", "AssetEditor\AssetEditor.csproj", "{FB2E6959-32F9-4F01-848B-21B38BDE98CC}"
EndProject
Project("{2150E333-8FDC-42A3-9474-1A3956D46DE8}") = "Editors", "Editors", "{07AC615B-A8FC-4E1A-BDD5-BC11452429A0}"
EndProject
Project("{9A19103F-16F7-4668-BE54-9A1E7A4F7556}") = "GameWorld.Core", "GameWorld\View3D\GameWorld.Core.csproj", "{8494EA8F-DBD8-4E4C-880C-7401CE2FB240}"
EndProject
Project("{9A19103F-16F7-4668-BE54-9A1E7A4F7556}") = "Editors.KitbasherEditor", "Editors\KitbasherEditor\Editors.KitbasherEditor.csproj", "{D7225D7F-87E4-4FAD-A3BE-9165DFDC315E}"
EndProject
Project("{9A19103F-16F7-4668-BE54-9A1E7A4F7556}") = "ContentProject", "GameWorld\ContentProject\ContentProject.csproj", "{D29AB45B-3CFD-4994-BD54-CE301704D6CA}"
EndProject
Project("{2150E333-8FDC-42A3-9474-1A3956D46DE8}") = "Shared", "Shared", "{7070A990-1A62-46A9-ABDF-BE030E3A4336}"
EndProject
Project("{9A19103F-16F7-4668-BE54-9A1E7A4F7556}") = "Shared.Core", "Shared\SharedCore\Shared.Core.csproj", "{D0F5B9E7-B545-41BF-AA8C-7E1923D35132}"
EndProject
Project("{9A19103F-16F7-4668-BE54-9A1E7A4F7556}") = "Shared.GameFormats", "Shared\GameFiles\Shared.GameFormats.csproj", "{E5F640D6-A970-446E-9DCD-71698B95C3AF}"
EndProject
Project("{9A19103F-16F7-4668-BE54-9A1E7A4F7556}") = "Shared.EmbeddedResources", "Shared\EmbeddedResources\Shared.EmbeddedResources.csproj", "{D1F5CA6C-DD76-487F-AF31-22B1A71B294C}"
EndProject
Project("{9A19103F-16F7-4668-BE54-9A1E7A4F7556}") = "Shared.Ui", "Shared\SharedUI\Shared.Ui.csproj", "{13EB0C34-99A7-49B2-BA93-B93073A43F45}"
EndProject
Project("{2150E333-8FDC-42A3-9474-1A3956D46DE8}") = "GameWorld", "GameWorld", "{CED3D0A1-90C6-4F8F-9BD4-2274D79331B4}"
EndProject
Project("{2150E333-8FDC-42A3-9474-1A3956D46DE8}") = "Shared", "Shared", "{17E1BB4D-00DF-4323-80C7-B8A8EDF2A5AA}"
EndProject
Project("{9A19103F-16F7-4668-BE54-9A1E7A4F7556}") = "Editors.Shared.Core", "Editors\Shared\Editors.Shared.Core\Editors.Shared.Core.csproj", "{C130109A-1D52-4F5E-A760-24AEF648CE93}"
EndProject
Project("{9A19103F-16F7-4668-BE54-9A1E7A4F7556}") = "Editors.AnimationTextEditors", "Editors\SimpleAnimationEditors\Editors.AnimationTextEditors.csproj", "{CAEB33BF-48DF-4388-BE6B-7D7ABBB9414B}"
EndProject
Project("{9A19103F-16F7-4668-BE54-9A1E7A4F7556}") = "Editors.Reports", "Editors\Reports\Editors.Reports.csproj", "{EAFBC3D8-A146-4BA3-8024-DE4E20D3C884}"
EndProject
Project("{9A19103F-16F7-4668-BE54-9A1E7A4F7556}") = "Editors.TextureEditor", "Editors\TextureEditor\Editors.TextureEditor.csproj", "{8E55B123-C8E5-4D65-AAAA-C4DC4713CB8E}"
EndProject
Project("{9A19103F-16F7-4668-BE54-9A1E7A4F7556}") = "Editors.Audio", "Editors\Audio\Editors.Audio.csproj", "{410AC3F4-021C-4993-BCCA-1810D153075D}"
EndProject
Project("{9A19103F-16F7-4668-BE54-9A1E7A4F7556}") = "Editors.AnimationMeta", "Editors\AnimationMeta\Editors.AnimationMeta.csproj", "{4FA1E72D-8764-4E6E-8C3A-B6BFE0821B5C}"
EndProject
Project("{9A19103F-16F7-4668-BE54-9A1E7A4F7556}") = "Editors.AnimationVisualEditors", "Editors\AnimationEditor\Editors.AnimationVisualEditors.csproj", "{F513A090-CC3F-4DB4-8332-50EB3FDA5A37}"
EndProject
Project("{9A19103F-16F7-4668-BE54-9A1E7A4F7556}") = "Test.E2EVerification", "Testing\E2EVerification\Test.E2EVerification.csproj", "{0B14A236-AAE0-4E9B-A41E-4AF9DD976BA7}"
EndProject
Project("{2150E333-8FDC-42A3-9474-1A3956D46DE8}") = "Build", "Build", "{CA5272EF-16DE-49A6-BAE8-58DC9EE7BDE5}"
	ProjectSection(SolutionItems) = preProject
		.github\workflows\pr-test.yml = .github\workflows\pr-test.yml
	EndProjectSection
EndProject
Project("{9A19103F-16F7-4668-BE54-9A1E7A4F7556}") = "Test.GameWorld.Core", "Testing\GameWorld.Core.Test\Test.GameWorld.Core.csproj", "{E604D1EB-02AC-4E31-9161-531F8830BFDB}"
EndProject
Project("{9A19103F-16F7-4668-BE54-9A1E7A4F7556}") = "Test.TestingUtility", "Testing\Shared\Test.TestingUtility.csproj", "{5AF54A17-B785-46FB-A982-E0663004F603}"
EndProject
Project("{9A19103F-16F7-4668-BE54-9A1E7A4F7556}") = "Editor.VisualSkeletonEditor", "Editors\SkeletonEditor\Editor.VisualSkeletonEditor\Editor.VisualSkeletonEditor.csproj", "{AC667CF7-9FD6-443B-871F-56C50F4EE871}"
EndProject
Project("{2150E333-8FDC-42A3-9474-1A3956D46DE8}") = "SkeletonEditor", "SkeletonEditor", "{711AC21F-B31C-4FC8-9D38-D1F0C1FEC6C0}"
EndProject
Project("{9A19103F-16F7-4668-BE54-9A1E7A4F7556}") = "MeshDecimator", "GameWorld\MeshDecimator\MeshDecimator.csproj", "{F8BAEE29-AD59-481E-8C64-00FF034D8F2F}"
EndProject
Project("{2150E333-8FDC-42A3-9474-1A3956D46DE8}") = "ImportExportEditor", "ImportExportEditor", "{3DC5AC01-2C79-484D-A9FD-4EB3F7EC4960}"
EndProject
Project("{FAE04EC0-301F-11D3-BF4B-00C04F79EFBC}") = "Editors.ImportExport", "Editors\ImportExportEditor\Editors.ImportExport\Editors.ImportExport.csproj", "{0EF858E9-A17B-40E0-BBED-97F5D1A6A8D4}"
EndProject
Project("{FAE04EC0-301F-11D3-BF4B-00C04F79EFBC}") = "Test.ImportExport", "Editors\ImportExportEditor\Test.ImportExport\Test.ImportExport.csproj", "{95A59789-08A8-4917-A252-B6E14BC18C6A}"
EndProject
Project("{FAE04EC0-301F-11D3-BF4B-00C04F79EFBC}") = "Test.Shared.Core", "Testing\Shared.Core.Test\Test.Shared.Core.csproj", "{13904B63-D942-41A9-863D-B977B33205E8}"
EndProject
Global
	GlobalSection(SolutionConfigurationPlatforms) = preSolution
		Debug|Any CPU = Debug|Any CPU
		Release|Any CPU = Release|Any CPU
	EndGlobalSection
	GlobalSection(ProjectConfigurationPlatforms) = postSolution
		{FB2E6959-32F9-4F01-848B-21B38BDE98CC}.Debug|Any CPU.ActiveCfg = Debug|Any CPU
		{FB2E6959-32F9-4F01-848B-21B38BDE98CC}.Debug|Any CPU.Build.0 = Debug|Any CPU
		{FB2E6959-32F9-4F01-848B-21B38BDE98CC}.Release|Any CPU.ActiveCfg = Release|Any CPU
		{FB2E6959-32F9-4F01-848B-21B38BDE98CC}.Release|Any CPU.Build.0 = Release|Any CPU
		{8494EA8F-DBD8-4E4C-880C-7401CE2FB240}.Debug|Any CPU.ActiveCfg = Debug|Any CPU
		{8494EA8F-DBD8-4E4C-880C-7401CE2FB240}.Debug|Any CPU.Build.0 = Debug|Any CPU
		{8494EA8F-DBD8-4E4C-880C-7401CE2FB240}.Release|Any CPU.ActiveCfg = Release|Any CPU
		{8494EA8F-DBD8-4E4C-880C-7401CE2FB240}.Release|Any CPU.Build.0 = Release|Any CPU
		{D7225D7F-87E4-4FAD-A3BE-9165DFDC315E}.Debug|Any CPU.ActiveCfg = Debug|Any CPU
		{D7225D7F-87E4-4FAD-A3BE-9165DFDC315E}.Debug|Any CPU.Build.0 = Debug|Any CPU
		{D7225D7F-87E4-4FAD-A3BE-9165DFDC315E}.Release|Any CPU.ActiveCfg = Release|Any CPU
		{D7225D7F-87E4-4FAD-A3BE-9165DFDC315E}.Release|Any CPU.Build.0 = Release|Any CPU
		{D29AB45B-3CFD-4994-BD54-CE301704D6CA}.Debug|Any CPU.ActiveCfg = Debug|Any CPU
		{D29AB45B-3CFD-4994-BD54-CE301704D6CA}.Debug|Any CPU.Build.0 = Debug|Any CPU
		{D29AB45B-3CFD-4994-BD54-CE301704D6CA}.Release|Any CPU.ActiveCfg = Release|Any CPU
		{D29AB45B-3CFD-4994-BD54-CE301704D6CA}.Release|Any CPU.Build.0 = Release|Any CPU
		{D0F5B9E7-B545-41BF-AA8C-7E1923D35132}.Debug|Any CPU.ActiveCfg = Debug|Any CPU
		{D0F5B9E7-B545-41BF-AA8C-7E1923D35132}.Debug|Any CPU.Build.0 = Debug|Any CPU
		{D0F5B9E7-B545-41BF-AA8C-7E1923D35132}.Release|Any CPU.ActiveCfg = Release|Any CPU
		{D0F5B9E7-B545-41BF-AA8C-7E1923D35132}.Release|Any CPU.Build.0 = Release|Any CPU
		{E5F640D6-A970-446E-9DCD-71698B95C3AF}.Debug|Any CPU.ActiveCfg = Debug|Any CPU
		{E5F640D6-A970-446E-9DCD-71698B95C3AF}.Debug|Any CPU.Build.0 = Debug|Any CPU
		{E5F640D6-A970-446E-9DCD-71698B95C3AF}.Release|Any CPU.ActiveCfg = Release|Any CPU
		{E5F640D6-A970-446E-9DCD-71698B95C3AF}.Release|Any CPU.Build.0 = Release|Any CPU
		{D1F5CA6C-DD76-487F-AF31-22B1A71B294C}.Debug|Any CPU.ActiveCfg = Debug|Any CPU
		{D1F5CA6C-DD76-487F-AF31-22B1A71B294C}.Debug|Any CPU.Build.0 = Debug|Any CPU
		{D1F5CA6C-DD76-487F-AF31-22B1A71B294C}.Release|Any CPU.ActiveCfg = Release|Any CPU
		{D1F5CA6C-DD76-487F-AF31-22B1A71B294C}.Release|Any CPU.Build.0 = Release|Any CPU
		{13EB0C34-99A7-49B2-BA93-B93073A43F45}.Debug|Any CPU.ActiveCfg = Debug|Any CPU
		{13EB0C34-99A7-49B2-BA93-B93073A43F45}.Debug|Any CPU.Build.0 = Debug|Any CPU
		{13EB0C34-99A7-49B2-BA93-B93073A43F45}.Release|Any CPU.ActiveCfg = Release|Any CPU
		{13EB0C34-99A7-49B2-BA93-B93073A43F45}.Release|Any CPU.Build.0 = Release|Any CPU
		{C130109A-1D52-4F5E-A760-24AEF648CE93}.Debug|Any CPU.ActiveCfg = Debug|Any CPU
		{C130109A-1D52-4F5E-A760-24AEF648CE93}.Debug|Any CPU.Build.0 = Debug|Any CPU
		{C130109A-1D52-4F5E-A760-24AEF648CE93}.Release|Any CPU.ActiveCfg = Release|Any CPU
		{C130109A-1D52-4F5E-A760-24AEF648CE93}.Release|Any CPU.Build.0 = Release|Any CPU
		{CAEB33BF-48DF-4388-BE6B-7D7ABBB9414B}.Debug|Any CPU.ActiveCfg = Debug|Any CPU
		{CAEB33BF-48DF-4388-BE6B-7D7ABBB9414B}.Debug|Any CPU.Build.0 = Debug|Any CPU
		{CAEB33BF-48DF-4388-BE6B-7D7ABBB9414B}.Release|Any CPU.ActiveCfg = Release|Any CPU
		{CAEB33BF-48DF-4388-BE6B-7D7ABBB9414B}.Release|Any CPU.Build.0 = Release|Any CPU
		{EAFBC3D8-A146-4BA3-8024-DE4E20D3C884}.Debug|Any CPU.ActiveCfg = Debug|Any CPU
		{EAFBC3D8-A146-4BA3-8024-DE4E20D3C884}.Debug|Any CPU.Build.0 = Debug|Any CPU
		{EAFBC3D8-A146-4BA3-8024-DE4E20D3C884}.Release|Any CPU.ActiveCfg = Release|Any CPU
		{EAFBC3D8-A146-4BA3-8024-DE4E20D3C884}.Release|Any CPU.Build.0 = Release|Any CPU
		{8E55B123-C8E5-4D65-AAAA-C4DC4713CB8E}.Debug|Any CPU.ActiveCfg = Debug|Any CPU
		{8E55B123-C8E5-4D65-AAAA-C4DC4713CB8E}.Debug|Any CPU.Build.0 = Debug|Any CPU
		{8E55B123-C8E5-4D65-AAAA-C4DC4713CB8E}.Release|Any CPU.ActiveCfg = Release|Any CPU
		{8E55B123-C8E5-4D65-AAAA-C4DC4713CB8E}.Release|Any CPU.Build.0 = Release|Any CPU
		{410AC3F4-021C-4993-BCCA-1810D153075D}.Debug|Any CPU.ActiveCfg = Debug|Any CPU
		{410AC3F4-021C-4993-BCCA-1810D153075D}.Debug|Any CPU.Build.0 = Debug|Any CPU
		{410AC3F4-021C-4993-BCCA-1810D153075D}.Release|Any CPU.ActiveCfg = Release|Any CPU
		{410AC3F4-021C-4993-BCCA-1810D153075D}.Release|Any CPU.Build.0 = Release|Any CPU
		{4FA1E72D-8764-4E6E-8C3A-B6BFE0821B5C}.Debug|Any CPU.ActiveCfg = Debug|Any CPU
		{4FA1E72D-8764-4E6E-8C3A-B6BFE0821B5C}.Debug|Any CPU.Build.0 = Debug|Any CPU
		{4FA1E72D-8764-4E6E-8C3A-B6BFE0821B5C}.Release|Any CPU.ActiveCfg = Release|Any CPU
		{4FA1E72D-8764-4E6E-8C3A-B6BFE0821B5C}.Release|Any CPU.Build.0 = Release|Any CPU
		{F513A090-CC3F-4DB4-8332-50EB3FDA5A37}.Debug|Any CPU.ActiveCfg = Debug|Any CPU
		{F513A090-CC3F-4DB4-8332-50EB3FDA5A37}.Debug|Any CPU.Build.0 = Debug|Any CPU
		{F513A090-CC3F-4DB4-8332-50EB3FDA5A37}.Release|Any CPU.ActiveCfg = Release|Any CPU
		{F513A090-CC3F-4DB4-8332-50EB3FDA5A37}.Release|Any CPU.Build.0 = Release|Any CPU
		{0B14A236-AAE0-4E9B-A41E-4AF9DD976BA7}.Debug|Any CPU.ActiveCfg = Debug|Any CPU
		{0B14A236-AAE0-4E9B-A41E-4AF9DD976BA7}.Debug|Any CPU.Build.0 = Debug|Any CPU
		{0B14A236-AAE0-4E9B-A41E-4AF9DD976BA7}.Release|Any CPU.ActiveCfg = Release|Any CPU
		{0B14A236-AAE0-4E9B-A41E-4AF9DD976BA7}.Release|Any CPU.Build.0 = Release|Any CPU
		{E604D1EB-02AC-4E31-9161-531F8830BFDB}.Debug|Any CPU.ActiveCfg = Debug|Any CPU
		{E604D1EB-02AC-4E31-9161-531F8830BFDB}.Debug|Any CPU.Build.0 = Debug|Any CPU
		{E604D1EB-02AC-4E31-9161-531F8830BFDB}.Release|Any CPU.ActiveCfg = Release|Any CPU
		{E604D1EB-02AC-4E31-9161-531F8830BFDB}.Release|Any CPU.Build.0 = Release|Any CPU
		{5AF54A17-B785-46FB-A982-E0663004F603}.Debug|Any CPU.ActiveCfg = Debug|Any CPU
		{5AF54A17-B785-46FB-A982-E0663004F603}.Debug|Any CPU.Build.0 = Debug|Any CPU
		{5AF54A17-B785-46FB-A982-E0663004F603}.Release|Any CPU.ActiveCfg = Release|Any CPU
		{5AF54A17-B785-46FB-A982-E0663004F603}.Release|Any CPU.Build.0 = Release|Any CPU
		{AC667CF7-9FD6-443B-871F-56C50F4EE871}.Debug|Any CPU.ActiveCfg = Debug|Any CPU
		{AC667CF7-9FD6-443B-871F-56C50F4EE871}.Debug|Any CPU.Build.0 = Debug|Any CPU
		{AC667CF7-9FD6-443B-871F-56C50F4EE871}.Release|Any CPU.ActiveCfg = Release|Any CPU
		{AC667CF7-9FD6-443B-871F-56C50F4EE871}.Release|Any CPU.Build.0 = Release|Any CPU
		{F8BAEE29-AD59-481E-8C64-00FF034D8F2F}.Debug|Any CPU.ActiveCfg = Debug|Any CPU
		{F8BAEE29-AD59-481E-8C64-00FF034D8F2F}.Debug|Any CPU.Build.0 = Debug|Any CPU
		{F8BAEE29-AD59-481E-8C64-00FF034D8F2F}.Release|Any CPU.ActiveCfg = Release|Any CPU
		{F8BAEE29-AD59-481E-8C64-00FF034D8F2F}.Release|Any CPU.Build.0 = Release|Any CPU
		{0EF858E9-A17B-40E0-BBED-97F5D1A6A8D4}.Debug|Any CPU.ActiveCfg = Debug|Any CPU
		{0EF858E9-A17B-40E0-BBED-97F5D1A6A8D4}.Debug|Any CPU.Build.0 = Debug|Any CPU
		{0EF858E9-A17B-40E0-BBED-97F5D1A6A8D4}.Release|Any CPU.ActiveCfg = Release|Any CPU
		{0EF858E9-A17B-40E0-BBED-97F5D1A6A8D4}.Release|Any CPU.Build.0 = Release|Any CPU
		{95A59789-08A8-4917-A252-B6E14BC18C6A}.Debug|Any CPU.ActiveCfg = Debug|Any CPU
		{95A59789-08A8-4917-A252-B6E14BC18C6A}.Debug|Any CPU.Build.0 = Debug|Any CPU
		{95A59789-08A8-4917-A252-B6E14BC18C6A}.Release|Any CPU.ActiveCfg = Release|Any CPU
		{95A59789-08A8-4917-A252-B6E14BC18C6A}.Release|Any CPU.Build.0 = Release|Any CPU
		{13904B63-D942-41A9-863D-B977B33205E8}.Debug|Any CPU.ActiveCfg = Debug|Any CPU
		{13904B63-D942-41A9-863D-B977B33205E8}.Debug|Any CPU.Build.0 = Debug|Any CPU
		{13904B63-D942-41A9-863D-B977B33205E8}.Release|Any CPU.ActiveCfg = Release|Any CPU
		{13904B63-D942-41A9-863D-B977B33205E8}.Release|Any CPU.Build.0 = Release|Any CPU
	EndGlobalSection
	GlobalSection(SolutionProperties) = preSolution
		HideSolutionNode = FALSE
	EndGlobalSection
	GlobalSection(NestedProjects) = preSolution
		{8494EA8F-DBD8-4E4C-880C-7401CE2FB240} = {CED3D0A1-90C6-4F8F-9BD4-2274D79331B4}
		{D7225D7F-87E4-4FAD-A3BE-9165DFDC315E} = {07AC615B-A8FC-4E1A-BDD5-BC11452429A0}
		{D29AB45B-3CFD-4994-BD54-CE301704D6CA} = {CED3D0A1-90C6-4F8F-9BD4-2274D79331B4}
		{7070A990-1A62-46A9-ABDF-BE030E3A4336} = {CED3D0A1-90C6-4F8F-9BD4-2274D79331B4}
		{D0F5B9E7-B545-41BF-AA8C-7E1923D35132} = {7070A990-1A62-46A9-ABDF-BE030E3A4336}
		{E5F640D6-A970-446E-9DCD-71698B95C3AF} = {7070A990-1A62-46A9-ABDF-BE030E3A4336}
		{D1F5CA6C-DD76-487F-AF31-22B1A71B294C} = {7070A990-1A62-46A9-ABDF-BE030E3A4336}
		{13EB0C34-99A7-49B2-BA93-B93073A43F45} = {7070A990-1A62-46A9-ABDF-BE030E3A4336}
		{17E1BB4D-00DF-4323-80C7-B8A8EDF2A5AA} = {07AC615B-A8FC-4E1A-BDD5-BC11452429A0}
		{C130109A-1D52-4F5E-A760-24AEF648CE93} = {17E1BB4D-00DF-4323-80C7-B8A8EDF2A5AA}
		{CAEB33BF-48DF-4388-BE6B-7D7ABBB9414B} = {07AC615B-A8FC-4E1A-BDD5-BC11452429A0}
		{EAFBC3D8-A146-4BA3-8024-DE4E20D3C884} = {07AC615B-A8FC-4E1A-BDD5-BC11452429A0}
		{8E55B123-C8E5-4D65-AAAA-C4DC4713CB8E} = {07AC615B-A8FC-4E1A-BDD5-BC11452429A0}
		{410AC3F4-021C-4993-BCCA-1810D153075D} = {07AC615B-A8FC-4E1A-BDD5-BC11452429A0}
		{4FA1E72D-8764-4E6E-8C3A-B6BFE0821B5C} = {07AC615B-A8FC-4E1A-BDD5-BC11452429A0}
		{F513A090-CC3F-4DB4-8332-50EB3FDA5A37} = {07AC615B-A8FC-4E1A-BDD5-BC11452429A0}
		{0B14A236-AAE0-4E9B-A41E-4AF9DD976BA7} = {18424B6A-CB8A-4CE1-935C-72459F31521B}
		{E604D1EB-02AC-4E31-9161-531F8830BFDB} = {18424B6A-CB8A-4CE1-935C-72459F31521B}
		{5AF54A17-B785-46FB-A982-E0663004F603} = {18424B6A-CB8A-4CE1-935C-72459F31521B}
		{AC667CF7-9FD6-443B-871F-56C50F4EE871} = {711AC21F-B31C-4FC8-9D38-D1F0C1FEC6C0}
		{711AC21F-B31C-4FC8-9D38-D1F0C1FEC6C0} = {07AC615B-A8FC-4E1A-BDD5-BC11452429A0}
		{F8BAEE29-AD59-481E-8C64-00FF034D8F2F} = {CED3D0A1-90C6-4F8F-9BD4-2274D79331B4}
		{3DC5AC01-2C79-484D-A9FD-4EB3F7EC4960} = {07AC615B-A8FC-4E1A-BDD5-BC11452429A0}
		{0EF858E9-A17B-40E0-BBED-97F5D1A6A8D4} = {3DC5AC01-2C79-484D-A9FD-4EB3F7EC4960}
		{95A59789-08A8-4917-A252-B6E14BC18C6A} = {3DC5AC01-2C79-484D-A9FD-4EB3F7EC4960}
		{13904B63-D942-41A9-863D-B977B33205E8} = {18424B6A-CB8A-4CE1-935C-72459F31521B}
	EndGlobalSection
	GlobalSection(ExtensibilityGlobals) = postSolution
		SolutionGuid = {AB5968F3-98ED-4AFF-98EA-0DBEDCACADF2}
	EndGlobalSection
EndGlobal
