
Microsoft Visual Studio Solution File, Format Version 12.00
# Visual Studio Version 17
VisualStudioVersion = 17.5.33516.290
MinimumVisualStudioVersion = 10.0.40219.1
Project("{9A19103F-16F7-4668-BE54-9A1E7A4F7556}") = "CommonControls", "CommonControls\CommonControls.csproj", "{960CCC3B-CC6D-480A-BDF8-AC540458F51B}"
EndProject
Project("{2150E333-8FDC-42A3-9474-1A3956D46DE8}") = "Testing", "Testing", "{18424B6A-CB8A-4CE1-935C-72459F31521B}"
EndProject
Project("{9A19103F-16F7-4668-BE54-9A1E7A4F7556}") = "AssetEditor", "AssetEditor\AssetEditor.csproj", "{FB2E6959-32F9-4F01-848B-21B38BDE98CC}"
EndProject
Project("{9A19103F-16F7-4668-BE54-9A1E7A4F7556}") = "FileTypesTests", "Testing\FileTypesTests\FileTypesTests.csproj", "{98E09611-7C80-4413-9510-DE52EF71D7F1}"
EndProject
Project("{9A19103F-16F7-4668-BE54-9A1E7A4F7556}") = "TestCommon", "Testing\TestCommon\TestCommon.csproj", "{3DC3A5F3-182F-46D4-BB7E-6639FC965E03}"
EndProject
Project("{2150E333-8FDC-42A3-9474-1A3956D46DE8}") = "ExternalProjects", "ExternalProjects", "{C174C249-D109-49BE-8BC5-42A0D5DEDBDA}"
EndProject
Project("{9A19103F-16F7-4668-BE54-9A1E7A4F7556}") = "Monogame.WpfInterop", "Monogame.WpfInterop\Monogame.WpfInterop.csproj", "{7FD31ACD-8D46-43FE-9E17-27198AED902B}"
EndProject
Project("{2150E333-8FDC-42A3-9474-1A3956D46DE8}") = "Domains", "Domains", "{07AC615B-A8FC-4E1A-BDD5-BC11452429A0}"
EndProject
Project("{9A19103F-16F7-4668-BE54-9A1E7A4F7556}") = "View3D", "View3D\View3D.csproj", "{8494EA8F-DBD8-4E4C-880C-7401CE2FB240}"
EndProject
Project("{9A19103F-16F7-4668-BE54-9A1E7A4F7556}") = "KitbasherEditor", "KitbasherEditor\KitbasherEditor.csproj", "{D7225D7F-87E4-4FAD-A3BE-9165DFDC315E}"
EndProject
Project("{2150E333-8FDC-42A3-9474-1A3956D46DE8}") = "Solution Items", "Solution Items", "{ECAC322F-8FA4-4F98-98D5-5E18464025C7}"
	ProjectSection(SolutionItems) = preProject
		ActiveTodoList.txt = ActiveTodoList.txt
		.github\workflows\pr-build.yml = .github\workflows\pr-build.yml
		.github\workflows\pr-test.yml = .github\workflows\pr-test.yml
		ReleaseNotes.txt = ReleaseNotes.txt
	EndProjectSection
EndProject
Project("{9A19103F-16F7-4668-BE54-9A1E7A4F7556}") = "TextureEditor", "TextureEditor\TextureEditor.csproj", "{70708A4D-A71A-487A-87DE-47E526F2E142}"
EndProject
Project("{9A19103F-16F7-4668-BE54-9A1E7A4F7556}") = "AnimationEditor", "AnimationEditor\AnimationEditor.csproj", "{0FCB6133-32A4-4115-BD53-474C703E7B34}"
EndProject
Project("{2150E333-8FDC-42A3-9474-1A3956D46DE8}") = "Experiments", "Experiments", "{FF70C4FA-A9A7-4DEC-87A3-4BF5F23EF336}"
EndProject
Project("{9A19103F-16F7-4668-BE54-9A1E7A4F7556}") = "AudioResearch", "AudioResearch\AudioResearch.csproj", "{F002EA23-09A0-42AE-9C5E-ADA6C1E95CC5}"
EndProject
Project("{9A19103F-16F7-4668-BE54-9A1E7A4F7556}") = "Audio", "Audio\Audio.csproj", "{B9488B52-AC74-4AFC-B376-DBD1096585E4}"
EndProject
Project("{9A19103F-16F7-4668-BE54-9A1E7A4F7556}") = "MeshDecimator", "MeshDecimator\MeshDecimator.csproj", "{07D79931-CE1A-4092-AA6F-634282D31DC8}"
EndProject
Project("{9A19103F-16F7-4668-BE54-9A1E7A4F7556}") = "ContentProject", "ContentProject\ContentProject.csproj", "{D29AB45B-3CFD-4994-BD54-CE301704D6CA}"
	ProjectSection(ProjectDependencies) = postProject
		{7FD31ACD-8D46-43FE-9E17-27198AED902B} = {7FD31ACD-8D46-43FE-9E17-27198AED902B}
	EndProjectSection
EndProject
Project("{8BC9CEB8-8B4A-11D0-8D11-00A0C91BC942}") = "FBXWrapperNativeDll", "FBXWRapperDll\FBXWRapperDll.vcxproj", "{15AAE76D-0B83-45A2-B8AB-FD7BF38BDDC3}"
EndProject
Project("{9A19103F-16F7-4668-BE54-9A1E7A4F7556}") = "AnimationMeta", "AnimationMeta\AnimationMeta.csproj", "{BE2277B1-97EB-4785-98D6-648E570FC798}"
EndProject
Project("{9A19103F-16F7-4668-BE54-9A1E7A4F7556}") = "AssetEditorTests", "Testing\AssetEditorTests\AssetEditorTests.csproj", "{5465EE02-D417-4170-97CB-BD8780F9ABF1}"
EndProject
Project("{9A19103F-16F7-4668-BE54-9A1E7A4F7556}") = "BaseTests", "Testing\BaseTests\BaseTests.csproj", "{0458A8D6-AC95-42FB-A89C-3AC06C893895}"
EndProject
Project("{9A19103F-16F7-4668-BE54-9A1E7A4F7556}") = "KitbasherTests", "Testing\KitbasherTests\KitbasherTests.csproj", "{4BC797DB-8731-453F-9932-84E3FDE83CA7}"
EndProject
Project("{9A19103F-16F7-4668-BE54-9A1E7A4F7556}") = "AssetManagement", "AssetManagment\AssetManagement.csproj", "{F821EDE4-1B37-44C5-A2A2-779E7E206BC3}"
EndProject
Project("{2150E333-8FDC-42A3-9474-1A3956D46DE8}") = "Github Actions Workflow", "Github Actions Workflow", "{12992538-0EC3-42AE-94AB-560FAEBE2DF4}"
	ProjectSection(SolutionItems) = preProject
		.github\workflows\pr-build.yml = .github\workflows\pr-build.yml
		.github\workflows\pr-test.yml = .github\workflows\pr-test.yml
	EndProjectSection
EndProject
Global
	GlobalSection(SolutionConfigurationPlatforms) = preSolution
		Debug|Any CPU = Debug|Any CPU
		Release|Any CPU = Release|Any CPU
	EndGlobalSection
	GlobalSection(ProjectConfigurationPlatforms) = postSolution
		{960CCC3B-CC6D-480A-BDF8-AC540458F51B}.Debug|Any CPU.ActiveCfg = Debug|Any CPU
		{960CCC3B-CC6D-480A-BDF8-AC540458F51B}.Debug|Any CPU.Build.0 = Debug|Any CPU
		{960CCC3B-CC6D-480A-BDF8-AC540458F51B}.Release|Any CPU.ActiveCfg = Release|Any CPU
		{960CCC3B-CC6D-480A-BDF8-AC540458F51B}.Release|Any CPU.Build.0 = Release|Any CPU
		{FB2E6959-32F9-4F01-848B-21B38BDE98CC}.Debug|Any CPU.ActiveCfg = Debug|Any CPU
		{FB2E6959-32F9-4F01-848B-21B38BDE98CC}.Debug|Any CPU.Build.0 = Debug|Any CPU
		{FB2E6959-32F9-4F01-848B-21B38BDE98CC}.Release|Any CPU.ActiveCfg = Release|Any CPU
		{FB2E6959-32F9-4F01-848B-21B38BDE98CC}.Release|Any CPU.Build.0 = Release|Any CPU
		{98E09611-7C80-4413-9510-DE52EF71D7F1}.Debug|Any CPU.ActiveCfg = Debug|Any CPU
		{98E09611-7C80-4413-9510-DE52EF71D7F1}.Debug|Any CPU.Build.0 = Debug|Any CPU
		{98E09611-7C80-4413-9510-DE52EF71D7F1}.Release|Any CPU.ActiveCfg = Release|Any CPU
		{98E09611-7C80-4413-9510-DE52EF71D7F1}.Release|Any CPU.Build.0 = Release|Any CPU
		{3DC3A5F3-182F-46D4-BB7E-6639FC965E03}.Debug|Any CPU.ActiveCfg = Debug|Any CPU
		{3DC3A5F3-182F-46D4-BB7E-6639FC965E03}.Debug|Any CPU.Build.0 = Debug|Any CPU
		{3DC3A5F3-182F-46D4-BB7E-6639FC965E03}.Release|Any CPU.ActiveCfg = Release|Any CPU
		{3DC3A5F3-182F-46D4-BB7E-6639FC965E03}.Release|Any CPU.Build.0 = Release|Any CPU
		{7FD31ACD-8D46-43FE-9E17-27198AED902B}.Debug|Any CPU.ActiveCfg = Debug|Any CPU
		{7FD31ACD-8D46-43FE-9E17-27198AED902B}.Debug|Any CPU.Build.0 = Debug|Any CPU
		{7FD31ACD-8D46-43FE-9E17-27198AED902B}.Release|Any CPU.ActiveCfg = Release|Any CPU
		{7FD31ACD-8D46-43FE-9E17-27198AED902B}.Release|Any CPU.Build.0 = Release|Any CPU
		{8494EA8F-DBD8-4E4C-880C-7401CE2FB240}.Debug|Any CPU.ActiveCfg = Debug|Any CPU
		{8494EA8F-DBD8-4E4C-880C-7401CE2FB240}.Debug|Any CPU.Build.0 = Debug|Any CPU
		{8494EA8F-DBD8-4E4C-880C-7401CE2FB240}.Release|Any CPU.ActiveCfg = Release|Any CPU
		{8494EA8F-DBD8-4E4C-880C-7401CE2FB240}.Release|Any CPU.Build.0 = Release|Any CPU
		{D7225D7F-87E4-4FAD-A3BE-9165DFDC315E}.Debug|Any CPU.ActiveCfg = Debug|Any CPU
		{D7225D7F-87E4-4FAD-A3BE-9165DFDC315E}.Debug|Any CPU.Build.0 = Debug|Any CPU
		{D7225D7F-87E4-4FAD-A3BE-9165DFDC315E}.Release|Any CPU.ActiveCfg = Release|Any CPU
		{D7225D7F-87E4-4FAD-A3BE-9165DFDC315E}.Release|Any CPU.Build.0 = Release|Any CPU
		{70708A4D-A71A-487A-87DE-47E526F2E142}.Debug|Any CPU.ActiveCfg = Debug|Any CPU
		{70708A4D-A71A-487A-87DE-47E526F2E142}.Debug|Any CPU.Build.0 = Debug|Any CPU
		{70708A4D-A71A-487A-87DE-47E526F2E142}.Release|Any CPU.ActiveCfg = Release|Any CPU
		{70708A4D-A71A-487A-87DE-47E526F2E142}.Release|Any CPU.Build.0 = Release|Any CPU
		{0FCB6133-32A4-4115-BD53-474C703E7B34}.Debug|Any CPU.ActiveCfg = Debug|Any CPU
		{0FCB6133-32A4-4115-BD53-474C703E7B34}.Debug|Any CPU.Build.0 = Debug|Any CPU
		{0FCB6133-32A4-4115-BD53-474C703E7B34}.Release|Any CPU.ActiveCfg = Release|Any CPU
		{0FCB6133-32A4-4115-BD53-474C703E7B34}.Release|Any CPU.Build.0 = Release|Any CPU
		{F002EA23-09A0-42AE-9C5E-ADA6C1E95CC5}.Debug|Any CPU.ActiveCfg = Debug|Any CPU
		{F002EA23-09A0-42AE-9C5E-ADA6C1E95CC5}.Debug|Any CPU.Build.0 = Debug|Any CPU
		{F002EA23-09A0-42AE-9C5E-ADA6C1E95CC5}.Release|Any CPU.ActiveCfg = Release|Any CPU
		{F002EA23-09A0-42AE-9C5E-ADA6C1E95CC5}.Release|Any CPU.Build.0 = Release|Any CPU
		{B9488B52-AC74-4AFC-B376-DBD1096585E4}.Debug|Any CPU.ActiveCfg = Debug|Any CPU
		{B9488B52-AC74-4AFC-B376-DBD1096585E4}.Debug|Any CPU.Build.0 = Debug|Any CPU
		{B9488B52-AC74-4AFC-B376-DBD1096585E4}.Release|Any CPU.ActiveCfg = Release|Any CPU
		{B9488B52-AC74-4AFC-B376-DBD1096585E4}.Release|Any CPU.Build.0 = Release|Any CPU
		{07D79931-CE1A-4092-AA6F-634282D31DC8}.Debug|Any CPU.ActiveCfg = Debug|Any CPU
		{07D79931-CE1A-4092-AA6F-634282D31DC8}.Debug|Any CPU.Build.0 = Debug|Any CPU
		{07D79931-CE1A-4092-AA6F-634282D31DC8}.Release|Any CPU.ActiveCfg = Release|Any CPU
		{07D79931-CE1A-4092-AA6F-634282D31DC8}.Release|Any CPU.Build.0 = Release|Any CPU
		{D29AB45B-3CFD-4994-BD54-CE301704D6CA}.Debug|Any CPU.ActiveCfg = Debug|Any CPU
		{D29AB45B-3CFD-4994-BD54-CE301704D6CA}.Debug|Any CPU.Build.0 = Debug|Any CPU
		{D29AB45B-3CFD-4994-BD54-CE301704D6CA}.Release|Any CPU.ActiveCfg = Release|Any CPU
		{D29AB45B-3CFD-4994-BD54-CE301704D6CA}.Release|Any CPU.Build.0 = Release|Any CPU
		{15AAE76D-0B83-45A2-B8AB-FD7BF38BDDC3}.Debug|Any CPU.ActiveCfg = Debug|x64
		{15AAE76D-0B83-45A2-B8AB-FD7BF38BDDC3}.Debug|Any CPU.Build.0 = Debug|x64
		{15AAE76D-0B83-45A2-B8AB-FD7BF38BDDC3}.Release|Any CPU.ActiveCfg = Release|x64
		{15AAE76D-0B83-45A2-B8AB-FD7BF38BDDC3}.Release|Any CPU.Build.0 = Release|x64
		{BE2277B1-97EB-4785-98D6-648E570FC798}.Debug|Any CPU.ActiveCfg = Debug|Any CPU
		{BE2277B1-97EB-4785-98D6-648E570FC798}.Debug|Any CPU.Build.0 = Debug|Any CPU
		{BE2277B1-97EB-4785-98D6-648E570FC798}.Release|Any CPU.ActiveCfg = Release|Any CPU
		{BE2277B1-97EB-4785-98D6-648E570FC798}.Release|Any CPU.Build.0 = Release|Any CPU
		{5465EE02-D417-4170-97CB-BD8780F9ABF1}.Debug|Any CPU.ActiveCfg = Debug|Any CPU
		{5465EE02-D417-4170-97CB-BD8780F9ABF1}.Debug|Any CPU.Build.0 = Debug|Any CPU
		{5465EE02-D417-4170-97CB-BD8780F9ABF1}.Release|Any CPU.ActiveCfg = Release|Any CPU
		{5465EE02-D417-4170-97CB-BD8780F9ABF1}.Release|Any CPU.Build.0 = Release|Any CPU
		{0458A8D6-AC95-42FB-A89C-3AC06C893895}.Debug|Any CPU.ActiveCfg = Debug|Any CPU
		{0458A8D6-AC95-42FB-A89C-3AC06C893895}.Debug|Any CPU.Build.0 = Debug|Any CPU
		{0458A8D6-AC95-42FB-A89C-3AC06C893895}.Release|Any CPU.ActiveCfg = Release|Any CPU
		{0458A8D6-AC95-42FB-A89C-3AC06C893895}.Release|Any CPU.Build.0 = Release|Any CPU
		{4BC797DB-8731-453F-9932-84E3FDE83CA7}.Debug|Any CPU.ActiveCfg = Debug|Any CPU
		{4BC797DB-8731-453F-9932-84E3FDE83CA7}.Debug|Any CPU.Build.0 = Debug|Any CPU
		{4BC797DB-8731-453F-9932-84E3FDE83CA7}.Release|Any CPU.ActiveCfg = Release|Any CPU
		{4BC797DB-8731-453F-9932-84E3FDE83CA7}.Release|Any CPU.Build.0 = Release|Any CPU
		{F821EDE4-1B37-44C5-A2A2-779E7E206BC3}.Debug|Any CPU.ActiveCfg = Debug|Any CPU
		{F821EDE4-1B37-44C5-A2A2-779E7E206BC3}.Debug|Any CPU.Build.0 = Debug|Any CPU
		{F821EDE4-1B37-44C5-A2A2-779E7E206BC3}.Release|Any CPU.ActiveCfg = Release|Any CPU
		{F821EDE4-1B37-44C5-A2A2-779E7E206BC3}.Release|Any CPU.Build.0 = Release|Any CPU
	EndGlobalSection
	GlobalSection(SolutionProperties) = preSolution
		HideSolutionNode = FALSE
	EndGlobalSection
	GlobalSection(NestedProjects) = preSolution
		{98E09611-7C80-4413-9510-DE52EF71D7F1} = {18424B6A-CB8A-4CE1-935C-72459F31521B}
		{3DC3A5F3-182F-46D4-BB7E-6639FC965E03} = {18424B6A-CB8A-4CE1-935C-72459F31521B}
		{7FD31ACD-8D46-43FE-9E17-27198AED902B} = {C174C249-D109-49BE-8BC5-42A0D5DEDBDA}
		{D7225D7F-87E4-4FAD-A3BE-9165DFDC315E} = {07AC615B-A8FC-4E1A-BDD5-BC11452429A0}
		{ECAC322F-8FA4-4F98-98D5-5E18464025C7} = {FF70C4FA-A9A7-4DEC-87A3-4BF5F23EF336}
		{70708A4D-A71A-487A-87DE-47E526F2E142} = {07AC615B-A8FC-4E1A-BDD5-BC11452429A0}
		{0FCB6133-32A4-4115-BD53-474C703E7B34} = {07AC615B-A8FC-4E1A-BDD5-BC11452429A0}
		{F002EA23-09A0-42AE-9C5E-ADA6C1E95CC5} = {C174C249-D109-49BE-8BC5-42A0D5DEDBDA}
		{B9488B52-AC74-4AFC-B376-DBD1096585E4} = {07AC615B-A8FC-4E1A-BDD5-BC11452429A0}
		{07D79931-CE1A-4092-AA6F-634282D31DC8} = {C174C249-D109-49BE-8BC5-42A0D5DEDBDA}
		{15AAE76D-0B83-45A2-B8AB-FD7BF38BDDC3} = {C174C249-D109-49BE-8BC5-42A0D5DEDBDA}
		{BE2277B1-97EB-4785-98D6-648E570FC798} = {07AC615B-A8FC-4E1A-BDD5-BC11452429A0}
		{5465EE02-D417-4170-97CB-BD8780F9ABF1} = {18424B6A-CB8A-4CE1-935C-72459F31521B}
		{0458A8D6-AC95-42FB-A89C-3AC06C893895} = {18424B6A-CB8A-4CE1-935C-72459F31521B}
		{4BC797DB-8731-453F-9932-84E3FDE83CA7} = {18424B6A-CB8A-4CE1-935C-72459F31521B}
		{F821EDE4-1B37-44C5-A2A2-779E7E206BC3} = {07AC615B-A8FC-4E1A-BDD5-BC11452429A0}
	EndGlobalSection
	GlobalSection(ExtensibilityGlobals) = postSolution
		SolutionGuid = {AB5968F3-98ED-4AFF-98EA-0DBEDCACADF2}
	EndGlobalSection
EndGlobal
