<?xml version="1.0" encoding="utf-8"?>
<Project ToolsVersion="4.0" xmlns="http://schemas.microsoft.com/developer/msbuild/2003">
  <ItemGroup>
    <Filter Include="Source Files">
      <UniqueIdentifier>{4FC737F1-C7A5-4376-A066-2A32D752A2FF}</UniqueIdentifier>
      <Extensions>cpp;c;cc;cxx;c++;cppm;ixx;def;odl;idl;hpj;bat;asm;asmx</Extensions>
    </Filter>
    <Filter Include="Header Files">
      <UniqueIdentifier>{93995380-89BD-4b04-88EB-625FBE52EBFB}</UniqueIdentifier>
      <Extensions>h;hh;hpp;hxx;h++;hm;inl;inc;ipp;xsd</Extensions>
    </Filter>
    <Filter Include="Resource Files">
      <UniqueIdentifier>{67DA6AB6-F800-4c08-8B7A-83BB121AAD01}</UniqueIdentifier>
      <Extensions>rc;ico;cur;bmp;dlg;rc2;rct;bin;rgs;gif;jpg;jpeg;jpe;resx;tiff;tif;png;wav;mfcribbon-ms</Extensions>
    </Filter>
    <Filter Include="DataStructures">
      <UniqueIdentifier>{0db0d03c-1e47-4775-be70-a68ee21096b5}</UniqueIdentifier>
    </Filter>
    <Filter Include="FBXServices">
      <UniqueIdentifier>{b627179f-9bb1-4af2-bb6a-8882ab9f7380}</UniqueIdentifier>
    </Filter>
    <Filter Include="Helpers">
      <UniqueIdentifier>{7e056818-0365-4a38-a419-73988c178449}</UniqueIdentifier>
    </Filter>
    <Filter Include="FBXSceneContainer">
      <UniqueIdentifier>{925eb252-8a38-48a3-891a-91ab54d2c364}</UniqueIdentifier>
    </Filter>
    <Filter Include="Helpers\Logging">
      <UniqueIdentifier>{5cfc298d-028e-4e0c-9fa2-8de220b09531}</UniqueIdentifier>
    </Filter>
  </ItemGroup>
  <ItemGroup>
    <ClInclude Include="Dll\DLLDefines.h">
      <Filter>Header Files</Filter>
    </ClInclude>
    <ClInclude Include="DataStructures\PackedMeshStructs.h">
      <Filter>DataStructures</Filter>
    </ClInclude>
    <ClInclude Include="HelperUtils\Geometry\FBXMeshGeometryHelper.h">
      <Filter>FBXServices</Filter>
    </ClInclude>
    <ClInclude Include="HelperUtils\Geometry\FBXNodeGeometryHelper.h">
      <Filter>FBXServices</Filter>
    </ClInclude>
    <ClInclude Include="Processing\FBXSkinProcessor.h">
      <Filter>FBXServices</Filter>
    </ClInclude>
    <ClInclude Include="Logging\Logging.h">
      <Filter>Helpers\Logging</Filter>
    </ClInclude>
    <ClInclude Include="HelperUtils\FBXUnitHelper.h">
      <Filter>Helpers</Filter>
    </ClInclude>
    <ClInclude Include="HelperUtils\Tools.h">
      <Filter>Helpers</Filter>
    </ClInclude>
    <ClInclude Include="libs\MS_SimpleMath\SimpleMath.h">
      <Filter>Header Files</Filter>
    </ClInclude>
    <ClInclude Include="Processing\MeshProcessor.h">
      <Filter>Helpers</Filter>
    </ClInclude>
    <ClInclude Include="DataStructures\SceneContainer\SceneContainer.h">
      <Filter>FBXSceneContainer</Filter>
    </ClInclude>
    <ClInclude Include="HelperUtils\VectorConverter.h">
      <Filter>Helpers</Filter>
    </ClInclude>
    <ClInclude Include="HelperUtils\FBXHelperFileUtil.h">
      <Filter>Helpers</Filter>
    </ClInclude>
    <ClInclude Include="Services\FBXSceneLoaderService.h">
      <Filter>Header Files</Filter>
    </ClInclude>
    <ClInclude Include="Processing\PackedVertexCreator.h">
      <Filter>Header Files</Filter>
    </ClInclude>
    <ClInclude Include="Processing\PackedMeshCreator.h">
      <Filter>Header Files</Filter>
    </ClInclude>
    <ClInclude Include="Base\BaseInteropObject.h">
      <Filter>Header Files</Filter>
    </ClInclude>
    <ClInclude Include="DataStructures\FileInfoData.h">
      <Filter>Header Files</Filter>
    </ClInclude>
    <ClInclude Include="FBXServices\SceneImporter\FBXImporterService.h">
      <Filter>Header Files</Filter>
    </ClInclude>
    <ClInclude Include="FbxObjectCreators\FBXMeshSkinCreator.h">
      <Filter>Header Files</Filter>
    </ClInclude>
    <ClInclude Include="FbxObjectCreators\FbxSceneCreator.h">
      <Filter>Header Files</Filter>
    </ClInclude>
    <ClInclude Include="FbxObjectCreators\FbxMeshCreator.h">
      <Filter>Header Files</Filter>
    </ClInclude>
    <ClInclude Include="FbxObjectCreators\FBXSkeletonFactory.h">
      <Filter>Header Files</Filter>
    </ClInclude>
    <ClInclude Include="HelperUtils\Geometry\FBXSkinHelperUtil.h">
      <Filter>Header Files</Filter>
    </ClInclude>
    <ClInclude Include="ErrorCkecking\ErrorChecking.h">
      <Filter>Header Files</Filter>
    </ClInclude>
    <ClInclude Include="libs\fbxsdk\common\GeometryUtility.h">
      <Filter>Header Files</Filter>
    </ClInclude>
    <ClInclude Include="libs\fbxsdk\common\AnimationUtility.h">
      <Filter>Header Files</Filter>
    </ClInclude>
    <ClInclude Include="libs\fbxsdk\common\Common.h">
      <Filter>Header Files</Filter>
    </ClInclude>
    <ClInclude Include="FBXServices\SceneExporter\FBXSceneExporterService.h">
      <Filter>Header Files</Filter>
    </ClInclude>
    <ClInclude Include="libs\meshopt\meshoptimizer.h">
      <Filter>Header Files</Filter>
    </ClInclude>
    <ClInclude Include="FbxObjectCreators\FbxMaterialCreator.h">
      <Filter>Header Files</Filter>
    </ClInclude>
  </ItemGroup>
  <ItemGroup>
    <ClCompile Include="Dll\dllmain.cpp">
      <Filter>Source Files</Filter>
    </ClCompile>
    <ClCompile Include="DataStructures\PackedMeshStructs.cpp">
      <Filter>DataStructures</Filter>
    </ClCompile>
    <ClCompile Include="HelperUtils\Geometry\FBXMeshGeometryHelper.cpp">
      <Filter>FBXServices</Filter>
    </ClCompile>
    <ClCompile Include="HelperUtils\Geometry\FBXNodeGeometryHelper.cpp">
      <Filter>FBXServices</Filter>
    </ClCompile>
    <ClCompile Include="Processing\FBXSkinProcessor.cpp">
      <Filter>FBXServices</Filter>
    </ClCompile>
    <ClCompile Include="Logging\Logging.cpp">
      <Filter>Helpers\Logging</Filter>
    </ClCompile>
    <ClCompile Include="DataStructures\SceneContainer\SceneContainer.cpp">
      <Filter>FBXSceneContainer</Filter>
    </ClCompile>
    <ClCompile Include="Processing\MeshProcessor.cpp">
      <Filter>Helpers</Filter>
    </ClCompile>
    <ClCompile Include="HelperUtils\Geometry\FBXNodeSearcher.h">
      <Filter>Helpers</Filter>
    </ClCompile>
    <ClCompile Include="Processing\PackVertexCreator.cpp">
      <Filter>Source Files</Filter>
    </ClCompile>
    <ClCompile Include="Processing\PackedMeshCreator.cpp">
      <Filter>Source Files</Filter>
    </ClCompile>
    <ClCompile Include="DataStructures\FileInfoData.cpp">
      <Filter>Source Files</Filter>
    </ClCompile>
    <ClCompile Include="FBXServices\SceneImporter\FBXImporterService.cpp">
      <Filter>Source Files</Filter>
    </ClCompile>
    <ClCompile Include="HelperUtils\Geometry\FBXSkinHelperUtil.cpp">
      <Filter>Source Files</Filter>
    </ClCompile>
    <ClCompile Include="FbxObjectCreators\FbxSceneCreator.cpp">
      <Filter>Source Files</Filter>
    </ClCompile>
    <ClCompile Include="FbxObjectCreators\FbxMeshCreator.cpp">
      <Filter>Source Files</Filter>
    </ClCompile>
    <ClCompile Include="FbxObjectCreators\FBXSkeletonFactory.cpp">
      <Filter>Source Files</Filter>
    </ClCompile>
    <ClCompile Include="libs\fbxsdk\common\AnimationUtility.cxx">
      <Filter>Source Files</Filter>
    </ClCompile>
    <ClCompile Include="libs\fbxsdk\common\Common.cxx">
      <Filter>Source Files</Filter>
    </ClCompile>
    <ClCompile Include="libs\fbxsdk\common\GeometryUtility.cxx">
      <Filter>Source Files</Filter>
    </ClCompile>
    <ClCompile Include="FBXServices\SceneExporter\FBXSceneExporterService.cpp">
      <Filter>Source Files</Filter>
    </ClCompile>
    <ClCompile Include="libs\meshopt\spatialorder.cpp">
      <Filter>Source Files</Filter>
    </ClCompile>
    <ClCompile Include="libs\meshopt\simplifier.cpp">
      <Filter>Source Files</Filter>
    </ClCompile>
    <ClCompile Include="libs\meshopt\quantization.cpp">
      <Filter>Source Files</Filter>
    </ClCompile>
    <ClCompile Include="libs\meshopt\overdrawoptimizer.cpp">
      <Filter>Source Files</Filter>
    </ClCompile>
    <ClCompile Include="libs\meshopt\overdrawanalyzer.cpp">
      <Filter>Source Files</Filter>
    </ClCompile>
    <ClCompile Include="libs\meshopt\indexgenerator.cpp">
      <Filter>Source Files</Filter>
    </ClCompile>
    <ClCompile Include="libs\meshopt\indexcodec.cpp">
      <Filter>Source Files</Filter>
    </ClCompile>
    <ClCompile Include="libs\meshopt\clusterizer.cpp">
      <Filter>Source Files</Filter>
    </ClCompile>
    <ClCompile Include="libs\meshopt\vfetchoptimizer.cpp">
      <Filter>Source Files</Filter>
    </ClCompile>
    <ClCompile Include="libs\meshopt\vfetchanalyzer.cpp">
      <Filter>Source Files</Filter>
    </ClCompile>
    <ClCompile Include="libs\meshopt\vertexfilter.cpp">
      <Filter>Source Files</Filter>
    </ClCompile>
    <ClCompile Include="libs\meshopt\vertexcodec.cpp">
      <Filter>Source Files</Filter>
    </ClCompile>
    <ClCompile Include="libs\meshopt\vcacheoptimizer.cpp">
      <Filter>Source Files</Filter>
    </ClCompile>
    <ClCompile Include="libs\meshopt\vcacheanalyzer.cpp">
      <Filter>Source Files</Filter>
    </ClCompile>
    <ClCompile Include="libs\meshopt\stripifier.cpp">
      <Filter>Source Files</Filter>
    </ClCompile>
    <ClCompile Include="FbxObjectCreators\FbxMaterialCreator.cpp">
      <Filter>Source Files</Filter>
    </ClCompile>
  </ItemGroup>
  <ItemGroup>
    <None Include="cpp.hint">
      <Filter>FBXSceneContainer</Filter>
    </None>
    <None Include="libs\MS_SimpleMath\SimpleMath.inl">
      <Filter>Header Files</Filter>
    </None>
    <None Include="fbxsdk\bin\vs2019\x64\release\libfbxsdk.zip" />
    <None Include="fbxsdk\lib\vs2019\x64\debug\libfbxsdk.dll" />
    <None Include="fbxsdk\lib\vs2019\x64\release\libfbxsdk.dll" />
    <None Include="fbxsdk\lib\vs2019\x64\release\libfbxsdk.zip" />
    <None Include="DataStructures\SceneContainer\SceneContainer.inl">
      <Filter>Header Files</Filter>
    </None>
    <None Include="Services\FbxSceneLoaderService.inl">
      <Filter>Header Files</Filter>
    </None>
    <None Include="FBXServices\SceneExporter\FBXSceneExporterService.inl">
      <Filter>Header Files</Filter>
    </None>
    <None Include="FBXServices\SceneImporter\FBXImporterService.inl">
      <Filter>Header Files</Filter>
    </None>
  </ItemGroup>
</Project>